
Microsoft Visual Studio Solution File, Format Version 12.00
# Visual Studio Version 17
VisualStudioVersion = 17.7.34221.43
MinimumVisualStudioVersion = 10.0.40219.1
Project("{FAE04EC0-301F-11D3-BF4B-00C04F79EFBC}") = "ImageViewer", "ImageViewer\ImageViewer.csproj", "{0010642C-8FD9-4E16-99EF-2D85A8F07020}"
EndProject
Project("{FAE04EC0-301F-11D3-BF4B-00C04F79EFBC}") = "ImageViewerTest", "ImageViewerTest\ImageViewerTest.csproj", "{30BF3892-45FA-4616-A7BC-AFB6DE0398EA}"
EndProject
Global
	GlobalSection(SolutionConfigurationPlatforms) = preSolution
		Debug|Any CPU = Debug|Any CPU
		Debug|x64 = Debug|x64
		Release|Any CPU = Release|Any CPU
		Release|x64 = Release|x64
	EndGlobalSection
	GlobalSection(ProjectConfigurationPlatforms) = postSolution
		{0010642C-8FD9-4E16-99EF-2D85A8F07020}.Debug|Any CPU.ActiveCfg = Debug|Any CPU
		{0010642C-8FD9-4E16-99EF-2D85A8F07020}.Debug|Any CPU.Build.0 = Debug|Any CPU
		{0010642C-8FD9-4E16-99EF-2D85A8F07020}.Debug|x64.ActiveCfg = Debug|x64
		{0010642C-8FD9-4E16-99EF-2D85A8F07020}.Debug|x64.Build.0 = Debug|x64
		{0010642C-8FD9-4E16-99EF-2D85A8F07020}.Release|Any CPU.ActiveCfg = Release|Any CPU
		{0010642C-8FD9-4E16-99EF-2D85A8F07020}.Release|Any CPU.Build.0 = Release|Any CPU
		{0010642C-8FD9-4E16-99EF-2D85A8F07020}.Release|x64.ActiveCfg = Release|x64
		{0010642C-8FD9-4E16-99EF-2D85A8F07020}.Release|x64.Build.0 = Release|x64
		{30BF3892-45FA-4616-A7BC-AFB6DE0398EA}.Debug|Any CPU.ActiveCfg = Debug|Any CPU
		{30BF3892-45FA-4616-A7BC-AFB6DE0398EA}.Debug|Any CPU.Build.0 = Debug|Any CPU
		{30BF3892-45FA-4616-A7BC-AFB6DE0398EA}.Debug|x64.ActiveCfg = Debug|x64
		{30BF3892-45FA-4616-A7BC-AFB6DE0398EA}.Debug|x64.Build.0 = Debug|x64
		{30BF3892-45FA-4616-A7BC-AFB6DE0398EA}.Release|Any CPU.ActiveCfg = Release|Any CPU
		{30BF3892-45FA-4616-A7BC-AFB6DE0398EA}.Release|Any CPU.Build.0 = Release|Any CPU
		{30BF3892-45FA-4616-A7BC-AFB6DE0398EA}.Release|x64.ActiveCfg = Release|Any CPU
		{30BF3892-45FA-4616-A7BC-AFB6DE0398EA}.Release|x64.Build.0 = Release|Any CPU
	EndGlobalSection
	GlobalSection(SolutionProperties) = preSolution
		HideSolutionNode = FALSE
	EndGlobalSection
	GlobalSection(ExtensibilityGlobals) = postSolution
		SolutionGuid = {EE89AC4D-87E2-495A-A904-8515E6AF8D5C}
	EndGlobalSection
EndGlobal
